
Microsoft Visual Studio Solution File, Format Version 12.00
# Visual Studio 15
VisualStudioVersion = 15.0.26228.9
MinimumVisualStudioVersion = 10.0.40219.1
Project("{FAE04EC0-301F-11D3-BF4B-00C04F79EFBC}") = "Cake.Transifex", "src\Cake.Transifex\Cake.Transifex.csproj", "{B0095F88-A78E-484B-A056-5D79DD4A1716}"
EndProject
Project("{FAE04EC0-301F-11D3-BF4B-00C04F79EFBC}") = "Cake.Transifex.Tests", "src\Cake.Transifex.Tests\Cake.Transifex.Tests.csproj", "{E9419126-E65C-4AB5-AAF3-0ACA8176FF91}"
EndProject
Global
	GlobalSection(SolutionConfigurationPlatforms) = preSolution
		Debug|Any CPU = Debug|Any CPU
		Release|Any CPU = Release|Any CPU
	EndGlobalSection
	GlobalSection(ProjectConfigurationPlatforms) = postSolution
		{B0095F88-A78E-484B-A056-5D79DD4A1716}.Debug|Any CPU.ActiveCfg = Debug|Any CPU
		{B0095F88-A78E-484B-A056-5D79DD4A1716}.Debug|Any CPU.Build.0 = Debug|Any CPU
		{B0095F88-A78E-484B-A056-5D79DD4A1716}.Release|Any CPU.ActiveCfg = Release|Any CPU
		{B0095F88-A78E-484B-A056-5D79DD4A1716}.Release|Any CPU.Build.0 = Release|Any CPU
		{E9419126-E65C-4AB5-AAF3-0ACA8176FF91}.Debug|Any CPU.ActiveCfg = Debug|Any CPU
		{E9419126-E65C-4AB5-AAF3-0ACA8176FF91}.Debug|Any CPU.Build.0 = Debug|Any CPU
		{E9419126-E65C-4AB5-AAF3-0ACA8176FF91}.Release|Any CPU.ActiveCfg = Release|Any CPU
		{E9419126-E65C-4AB5-AAF3-0ACA8176FF91}.Release|Any CPU.Build.0 = Release|Any CPU
	EndGlobalSection
	GlobalSection(SolutionProperties) = preSolution
		HideSolutionNode = FALSE
	EndGlobalSection
EndGlobal
